
Microsoft Visual Studio Solution File, Format Version 12.00
# Visual Studio Version 16
VisualStudioVersion = 16.0.30611.23
MinimumVisualStudioVersion = 10.0.40219.1
Project("{FAE04EC0-301F-11D3-BF4B-00C04F79EFBC}") = "Stack", "RPNCalculator\Stack.csproj", "{3151760A-FCBD-4714-979D-0F0D63A37BA4}"
EndProject
Project("{FAE04EC0-301F-11D3-BF4B-00C04F79EFBC}") = "Forms", "Forms\Forms.csproj", "{744B5BA6-480F-4B09-9B19-FA797BD489C3}"
EndProject
Global
	GlobalSection(SolutionConfigurationPlatforms) = preSolution
		Debug|Any CPU = Debug|Any CPU
		Release|Any CPU = Release|Any CPU
	EndGlobalSection
	GlobalSection(ProjectConfigurationPlatforms) = postSolution
		{3151760A-FCBD-4714-979D-0F0D63A37BA4}.Debug|Any CPU.ActiveCfg = Debug|Any CPU
		{3151760A-FCBD-4714-979D-0F0D63A37BA4}.Debug|Any CPU.Build.0 = Debug|Any CPU
		{3151760A-FCBD-4714-979D-0F0D63A37BA4}.Release|Any CPU.ActiveCfg = Release|Any CPU
		{3151760A-FCBD-4714-979D-0F0D63A37BA4}.Release|Any CPU.Build.0 = Release|Any CPU
		{744B5BA6-480F-4B09-9B19-FA797BD489C3}.Debug|Any CPU.ActiveCfg = Debug|Any CPU
		{744B5BA6-480F-4B09-9B19-FA797BD489C3}.Debug|Any CPU.Build.0 = Debug|Any CPU
		{744B5BA6-480F-4B09-9B19-FA797BD489C3}.Release|Any CPU.ActiveCfg = Release|Any CPU
		{744B5BA6-480F-4B09-9B19-FA797BD489C3}.Release|Any CPU.Build.0 = Release|Any CPU
	EndGlobalSection
	GlobalSection(SolutionProperties) = preSolution
		HideSolutionNode = FALSE
	EndGlobalSection
	GlobalSection(ExtensibilityGlobals) = postSolution
		SolutionGuid = {C71984C0-A9D0-4BCB-A132-63F74590E2A7}
	EndGlobalSection
EndGlobal
