
Microsoft Visual Studio Solution File, Format Version 12.00
# Visual Studio Version 16
VisualStudioVersion = 16.0.30517.126
MinimumVisualStudioVersion = 10.0.40219.1
Project("{FAE04EC0-301F-11D3-BF4B-00C04F79EFBC}") = "Queues", "Queues\Queues.csproj", "{35695733-D27B-4D82-97F7-0DF67C6876E6}"
EndProject
Global
	GlobalSection(SolutionConfigurationPlatforms) = preSolution
		Debug|Any CPU = Debug|Any CPU
		Release|Any CPU = Release|Any CPU
	EndGlobalSection
	GlobalSection(ProjectConfigurationPlatforms) = postSolution
		{35695733-D27B-4D82-97F7-0DF67C6876E6}.Debug|Any CPU.ActiveCfg = Debug|Any CPU
		{35695733-D27B-4D82-97F7-0DF67C6876E6}.Debug|Any CPU.Build.0 = Debug|Any CPU
		{35695733-D27B-4D82-97F7-0DF67C6876E6}.Release|Any CPU.ActiveCfg = Release|Any CPU
		{35695733-D27B-4D82-97F7-0DF67C6876E6}.Release|Any CPU.Build.0 = Release|Any CPU
	EndGlobalSection
	GlobalSection(SolutionProperties) = preSolution
		HideSolutionNode = FALSE
	EndGlobalSection
	GlobalSection(ExtensibilityGlobals) = postSolution
		SolutionGuid = {3584005A-ED4E-4EC7-A84B-91A8B6163BC2}
	EndGlobalSection
EndGlobal
